
Microsoft Visual Studio Solution File, Format Version 12.00
# Visual Studio Version 17
VisualStudioVersion = 17.0.31903.59
MinimumVisualStudioVersion = 10.0.40219.1
Project("{FAE04EC0-301F-11D3-BF4B-00C04F79EFBC}") = "MockPaymentGateway", "MockPaymentGateway\MockPaymentGateway.csproj", "{43FC7900-762C-46EE-9AF3-027BD77F817B}"
EndProject
Project("{FAE04EC0-301F-11D3-BF4B-00C04F79EFBC}") = "InvoiceProcessor", "InvoiceProcessor\InvoiceProcessor.csproj", "{05E78873-DABC-4BF6-AF98-928A5DDC0FB1}"
EndProject
Global
	GlobalSection(SolutionConfigurationPlatforms) = preSolution
		Debug|Any CPU = Debug|Any CPU
		Debug|x64 = Debug|x64
		Debug|x86 = Debug|x86
		Release|Any CPU = Release|Any CPU
		Release|x64 = Release|x64
		Release|x86 = Release|x86
	EndGlobalSection
	GlobalSection(ProjectConfigurationPlatforms) = postSolution
		{43FC7900-762C-46EE-9AF3-027BD77F817B}.Debug|Any CPU.ActiveCfg = Debug|Any CPU
		{43FC7900-762C-46EE-9AF3-027BD77F817B}.Debug|Any CPU.Build.0 = Debug|Any CPU
		{43FC7900-762C-46EE-9AF3-027BD77F817B}.Debug|x64.ActiveCfg = Debug|Any CPU
		{43FC7900-762C-46EE-9AF3-027BD77F817B}.Debug|x64.Build.0 = Debug|Any CPU
		{43FC7900-762C-46EE-9AF3-027BD77F817B}.Debug|x86.ActiveCfg = Debug|Any CPU
		{43FC7900-762C-46EE-9AF3-027BD77F817B}.Debug|x86.Build.0 = Debug|Any CPU
		{43FC7900-762C-46EE-9AF3-027BD77F817B}.Release|Any CPU.ActiveCfg = Release|Any CPU
		{43FC7900-762C-46EE-9AF3-027BD77F817B}.Release|Any CPU.Build.0 = Release|Any CPU
		{43FC7900-762C-46EE-9AF3-027BD77F817B}.Release|x64.ActiveCfg = Release|Any CPU
		{43FC7900-762C-46EE-9AF3-027BD77F817B}.Release|x64.Build.0 = Release|Any CPU
		{43FC7900-762C-46EE-9AF3-027BD77F817B}.Release|x86.ActiveCfg = Release|Any CPU
		{43FC7900-762C-46EE-9AF3-027BD77F817B}.Release|x86.Build.0 = Release|Any CPU
		{05E78873-DABC-4BF6-AF98-928A5DDC0FB1}.Debug|Any CPU.ActiveCfg = Debug|Any CPU
		{05E78873-DABC-4BF6-AF98-928A5DDC0FB1}.Debug|Any CPU.Build.0 = Debug|Any CPU
		{05E78873-DABC-4BF6-AF98-928A5DDC0FB1}.Debug|x64.ActiveCfg = Debug|Any CPU
		{05E78873-DABC-4BF6-AF98-928A5DDC0FB1}.Debug|x64.Build.0 = Debug|Any CPU
		{05E78873-DABC-4BF6-AF98-928A5DDC0FB1}.Debug|x86.ActiveCfg = Debug|Any CPU
		{05E78873-DABC-4BF6-AF98-928A5DDC0FB1}.Debug|x86.Build.0 = Debug|Any CPU
		{05E78873-DABC-4BF6-AF98-928A5DDC0FB1}.Release|Any CPU.ActiveCfg = Release|Any CPU
		{05E78873-DABC-4BF6-AF98-928A5DDC0FB1}.Release|Any CPU.Build.0 = Release|Any CPU
		{05E78873-DABC-4BF6-AF98-928A5DDC0FB1}.Release|x64.ActiveCfg = Release|Any CPU
		{05E78873-DABC-4BF6-AF98-928A5DDC0FB1}.Release|x64.Build.0 = Release|Any CPU
		{05E78873-DABC-4BF6-AF98-928A5DDC0FB1}.Release|x86.ActiveCfg = Release|Any CPU
		{05E78873-DABC-4BF6-AF98-928A5DDC0FB1}.Release|x86.Build.0 = Release|Any CPU
	EndGlobalSection
	GlobalSection(SolutionProperties) = preSolution
		HideSolutionNode = FALSE
	EndGlobalSection
EndGlobal
